
Microsoft Visual Studio Solution File, Format Version 12.00
# Visual Studio Version 17
VisualStudioVersion = 17.11.35327.3
MinimumVisualStudioVersion = 10.0.40219.1
Project("{FAE04EC0-301F-11D3-BF4B-00C04F79EFBC}") = "Ficha4-Modulo10", "Ficha4-Modulo10\Ficha4-Modulo10.csproj", "{376CB425-9631-4D92-AEB8-432C81F50978}"
EndProject
Global
	GlobalSection(SolutionConfigurationPlatforms) = preSolution
		Debug|Any CPU = Debug|Any CPU
		Release|Any CPU = Release|Any CPU
	EndGlobalSection
	GlobalSection(ProjectConfigurationPlatforms) = postSolution
		{376CB425-9631-4D92-AEB8-432C81F50978}.Debug|Any CPU.ActiveCfg = Debug|Any CPU
		{376CB425-9631-4D92-AEB8-432C81F50978}.Debug|Any CPU.Build.0 = Debug|Any CPU
		{376CB425-9631-4D92-AEB8-432C81F50978}.Release|Any CPU.ActiveCfg = Release|Any CPU
		{376CB425-9631-4D92-AEB8-432C81F50978}.Release|Any CPU.Build.0 = Release|Any CPU
	EndGlobalSection
	GlobalSection(SolutionProperties) = preSolution
		HideSolutionNode = FALSE
	EndGlobalSection
	GlobalSection(ExtensibilityGlobals) = postSolution
		SolutionGuid = {C86E3FF6-D63B-4297-A221-4BC86D4166C3}
	EndGlobalSection
EndGlobal
