
Microsoft Visual Studio Solution File, Format Version 12.00
# Visual Studio 15
VisualStudioVersion = 15.0.28307.1062
MinimumVisualStudioVersion = 10.0.40219.1
Project("{FAE04EC0-301F-11D3-BF4B-00C04F79EFBC}") = "Pizza", "Pizza\Pizza.csproj", "{03ECCEED-5049-4D96-AB57-16D564FD351E}"
EndProject
Global
	GlobalSection(SolutionConfigurationPlatforms) = preSolution
		Debug|Any CPU = Debug|Any CPU
		Release|Any CPU = Release|Any CPU
	EndGlobalSection
	GlobalSection(ProjectConfigurationPlatforms) = postSolution
		{03ECCEED-5049-4D96-AB57-16D564FD351E}.Debug|Any CPU.ActiveCfg = Debug|Any CPU
		{03ECCEED-5049-4D96-AB57-16D564FD351E}.Debug|Any CPU.Build.0 = Debug|Any CPU
		{03ECCEED-5049-4D96-AB57-16D564FD351E}.Release|Any CPU.ActiveCfg = Release|Any CPU
		{03ECCEED-5049-4D96-AB57-16D564FD351E}.Release|Any CPU.Build.0 = Release|Any CPU
	EndGlobalSection
	GlobalSection(SolutionProperties) = preSolution
		HideSolutionNode = FALSE
	EndGlobalSection
	GlobalSection(ExtensibilityGlobals) = postSolution
		SolutionGuid = {B581C944-6A2E-4BB9-ABF5-14C32BF63A13}
	EndGlobalSection
EndGlobal
