
Microsoft Visual Studio Solution File, Format Version 12.00
# Visual Studio Version 17
VisualStudioVersion = 17.11.35327.3
MinimumVisualStudioVersion = 10.0.40219.1
Project("{FAE04EC0-301F-11D3-BF4B-00C04F79EFBC}") = "Ficha2-Modulo10", "Ficha2-Modulo10\Ficha2-Modulo10.csproj", "{841CD880-216D-465D-9FC3-3D43E4BDAFEA}"
EndProject
Global
	GlobalSection(SolutionConfigurationPlatforms) = preSolution
		Debug|Any CPU = Debug|Any CPU
		Release|Any CPU = Release|Any CPU
	EndGlobalSection
	GlobalSection(ProjectConfigurationPlatforms) = postSolution
		{841CD880-216D-465D-9FC3-3D43E4BDAFEA}.Debug|Any CPU.ActiveCfg = Debug|Any CPU
		{841CD880-216D-465D-9FC3-3D43E4BDAFEA}.Debug|Any CPU.Build.0 = Debug|Any CPU
		{841CD880-216D-465D-9FC3-3D43E4BDAFEA}.Release|Any CPU.ActiveCfg = Release|Any CPU
		{841CD880-216D-465D-9FC3-3D43E4BDAFEA}.Release|Any CPU.Build.0 = Release|Any CPU
	EndGlobalSection
	GlobalSection(SolutionProperties) = preSolution
		HideSolutionNode = FALSE
	EndGlobalSection
	GlobalSection(ExtensibilityGlobals) = postSolution
		SolutionGuid = {02DC9A46-07EA-4A98-94D6-25B9742DFF48}
	EndGlobalSection
EndGlobal
