
Microsoft Visual Studio Solution File, Format Version 12.00
# Visual Studio Version 17
VisualStudioVersion = 17.11.35312.102
MinimumVisualStudioVersion = 10.0.40219.1
Project("{FAE04EC0-301F-11D3-BF4B-00C04F79EFBC}") = "Ficha 3", "Ficha 3\Ficha 3.csproj", "{4D58479E-2B0D-4E34-B36E-ED0677D94837}"
EndProject
Global
	GlobalSection(SolutionConfigurationPlatforms) = preSolution
		Debug|Any CPU = Debug|Any CPU
		Release|Any CPU = Release|Any CPU
	EndGlobalSection
	GlobalSection(ProjectConfigurationPlatforms) = postSolution
		{4D58479E-2B0D-4E34-B36E-ED0677D94837}.Debug|Any CPU.ActiveCfg = Debug|Any CPU
		{4D58479E-2B0D-4E34-B36E-ED0677D94837}.Debug|Any CPU.Build.0 = Debug|Any CPU
		{4D58479E-2B0D-4E34-B36E-ED0677D94837}.Release|Any CPU.ActiveCfg = Release|Any CPU
		{4D58479E-2B0D-4E34-B36E-ED0677D94837}.Release|Any CPU.Build.0 = Release|Any CPU
	EndGlobalSection
	GlobalSection(SolutionProperties) = preSolution
		HideSolutionNode = FALSE
	EndGlobalSection
	GlobalSection(ExtensibilityGlobals) = postSolution
		SolutionGuid = {42C89E39-048B-4F52-A1FF-84D5E33CF842}
	EndGlobalSection
EndGlobal
